{
  "version": 4,
  "terraform_version": "0.14.8",
  "serial": 1,
  "lineage": "13ca983f-e24a-bfee-d00b-e3e0a39d9afe",
  "outputs": {},
  "resources": [
    {
      "mode": "data",
      "type": "digitalocean_ssh_key",
      "name": "do_ssh_key",
      "provider": "provider[\"registry.terraform.io/digitalocean/digitalocean\"]",
      "instances": [
        {
          "schema_version": 0,
          "attributes": {
            "fingerprint": "a8:20:8c:f1:0c:61:3e:61:9b:fb:a9:cb:7a:a5:ab:5a",
            "id": 30218881,
            "name": "MacBook",
            "public_key": "ssh-rsa AAAAB3NzaC1yc2EAAAADAQABAAACAQCnr1U4I6d7aph5VQ4TtrkI3TqnimMBYlXraGApCsXfXZv+KQ/kzOPShotwMo7bLnVDgSXGdEN2jqfanhwVPME7LiDqhsLov3ltmnZN0h1RnvC7bNKbtAxdtjgDM4IoNT2/bqxaD7vxtCSAaJbBlGytbGTnrYp1LHwRII7Fkdi63/vvnLgna8QWSOCbzG9LiCUpF1RY0QblQciiZuNBWX7EnGc9e68SzMYt0qXXg/RiDN9DqvPEYxmgDfNecDOt4IVznVkflUcOLdnI6IOE1dczto4JTMe5u5YtgYvtqF1mOgXJ/PnMYd4OxFY4EHyjGwOncZbEOBB8P3AoUDPDfG9pIfPzz/n8DyvZ9yLdH2ECSzKbA9gQsUw3R3CpFacSK6qFZ9/H9UU7RoUhGoM9umKQAr0ae9G/Yf31WBhCQSlHm4lWWWqwoGcg0N3wgxbVWFU8YNZBy6CcmMkdqnH7AUxUVg/FUu2rPomNA7tL2KHpqYBSsvshgXzjGT9SEvqHS5AbmWBObi8uyJkUvdJYyCdJl/oqHAUo7RMFiFNPmClzQbcgCSPF2ivfrR9kjg9xQfwzJ+IWR7FUlUf4SRT2ls1ti6dU2Tq9tNHjmhbrjyLz1XfqyYdiJ/3QEFWBTglWlhPuHYDjtdnITbUFdAt6nUS3AE2laB+R+8BS0lexhaIhDQ== mrcordova93@gmail.com"
          },
          "sensitive_attributes": []
        }
      ]
    },
    {
      "mode": "managed",
      "type": "digitalocean_droplet",
      "name": "www",
      "provider": "provider[\"registry.terraform.io/digitalocean/digitalocean\"]",
      "instances": [
        {
          "schema_version": 1,
          "attributes": {
            "backups": false,
            "created_at": "2021-05-06T01:30:37Z",
            "disk": 25,
            "id": "244802643",
            "image": "ubuntu-18-04-x64",
            "ipv4_address": "104.248.234.64",
            "ipv4_address_private": "10.116.0.2",
            "ipv6": false,
            "ipv6_address": "",
            "locked": false,
            "memory": 1024,
            "monitoring": false,
            "name": "www",
            "price_hourly": 0.00744,
            "price_monthly": 5,
            "private_networking": true,
            "region": "nyc1",
            "resize_disk": true,
            "size": "s-1vcpu-1gb",
            "ssh_keys": [
              "30218881"
            ],
            "status": "active",
            "tags": null,
            "urn": "do:droplet:244802643",
            "user_data": null,
            "vcpus": 1,
            "volume_ids": [],
            "vpc_uuid": "b7cfa914-b3b0-4ada-bae6-9a44d3a5e2a2"
          },
          "sensitive_attributes": [],
          "private": "eyJzY2hlbWFfdmVyc2lvbiI6IjEifQ==",
          "dependencies": [
            "data.digitalocean_ssh_key.do_ssh_key"
          ]
        }
      ]
    }
  ]
}
